{
  "name": "@darkwolf/localbitcoins",
  "version": "1.0.0",
  "lockfileVersion": 1,
  "requires": true,
  "dependencies": {
    "@darkwolf/code-error": {
      "version": "2.0.3",
      "resolved": "https://registry.npmjs.org/@darkwolf/code-error/-/code-error-2.0.3.tgz",
      "integrity": "sha512-/dHf9zwHfJ9i29engKLvmhFKd63+DQ6eRXAEQc17XgeyujaGBTnOrhrFcZvo2GtlSe4Z/7O6lVbLmcNoInAYbg==",
      "requires": {
        "@darkwolf/state": "^1.0.1"
      }
    },
    "@darkwolf/state": {
      "version": "1.0.1",
      "resolved": "https://registry.npmjs.org/@darkwolf/state/-/state-1.0.1.tgz",
      "integrity": "sha512-Scp00/sdX15RGV5uvNI91dRYj3gjrPsOFpEMt/nGSmmB3G5eHA/7vGmf7ig7z7k1p7FM4SGmEgt6qJUuYZdKdg=="
    },
    "node-fetch": {
      "version": "2.6.0",
      "resolved": "https://registry.npmjs.org/node-fetch/-/node-fetch-2.6.0.tgz",
      "integrity": "sha512-8dG4H5ujfvFiqDmVu9fQ5bOHUC15JMjMY/Zumv26oOvvVJjM67KF8koCWIabKQ1GJIa9r2mMZscBq/TbdOcmNA=="
    }
  }
}
