{
  "name": "@darkwolf/localbitcoins",
  "version": "1.0.1",
  "lockfileVersion": 1,
  "requires": true,
  "dependencies": {
    "@darkwolf/code-error": {
      "version": "2.0.8",
      "resolved": "https://registry.npmjs.org/@darkwolf/code-error/-/code-error-2.0.8.tgz",
      "integrity": "sha512-MCZK4pWXhAa3uXOIwS8FNldyqpQ+QE9oYHnbtYxjBWB/+XrskYnqfyBszjM1EpEc72eJ190EBWNdbqE3ostVow==",
      "requires": {
        "@darkwolf/validator": "^2.0.3"
      }
    },
    "@darkwolf/validator": {
      "version": "2.0.5",
      "resolved": "https://registry.npmjs.org/@darkwolf/validator/-/validator-2.0.5.tgz",
      "integrity": "sha512-k+iD6E7ZAL+fBysD+PD8UWeGTIISo/62Rz16eNDs1PKhDP95I8nvkZUkRw6NMB96ziLajljj7gS0O4J9aBrWNQ=="
    },
    "node-fetch": {
      "version": "2.6.0",
      "resolved": "https://registry.npmjs.org/node-fetch/-/node-fetch-2.6.0.tgz",
      "integrity": "sha512-8dG4H5ujfvFiqDmVu9fQ5bOHUC15JMjMY/Zumv26oOvvVJjM67KF8koCWIabKQ1GJIa9r2mMZscBq/TbdOcmNA=="
    }
  }
}
